{
  "name": "javascript-practice",
  "lockfileVersion": 3,
  "requires": true,
  "packages": {
    "": {
      "dependencies": {
        "@js-temporal/polyfill": "^0.5.1",
        "prompt-sync": "^4.2.0"
      },
      "devDependencies": {
        "@types/node": "^25.3.3"
      }
    },
    "node_modules/@js-temporal/polyfill": {
      "version": "0.5.1",
      "resolved": "https://registry.npmjs.org/@js-temporal/polyfill/-/polyfill-0.5.1.tgz",
      "integrity": "sha512-hloP58zRVCRSpgDxmqCWJNlizAlUgJFqG2ypq79DCvyv9tHjRYMDOcPFjzfl/A1/YxDvRCZz8wvZvmapQnKwFQ==",
      "license": "ISC",
      "dependencies": {
        "jsbi": "^4.3.0"
      },
      "engines": {
        "node": ">=12"
      }
    },
    "node_modules/@types/node": {
      "version": "25.3.3",
      "resolved": "https://registry.npmjs.org/@types/node/-/node-25.3.3.tgz",
      "integrity": "sha512-DpzbrH7wIcBaJibpKo9nnSQL0MTRdnWttGyE5haGwK86xgMOkFLp7vEyfQPGLOJh5wNYiJ3V9PmUMDhV9u8kkQ==",
      "dev": true,
      "license": "MIT",
      "dependencies": {
        "undici-types": "~7.18.0"
      }
    },
    "node_modules/ansi-regex": {
      "version": "4.1.1",
      "resolved": "https://registry.npmjs.org/ansi-regex/-/ansi-regex-4.1.1.tgz",
      "integrity": "sha512-ILlv4k/3f6vfQ4OoP2AGvirOktlQ98ZEL1k9FaQjxa3L1abBgbuTDAdPOpvbGncC0BTVQrl+OM8xZGK6tWXt7g==",
      "license": "MIT",
      "engines": {
        "node": ">=6"
      }
    },
    "node_modules/jsbi": {
      "version": "4.3.2",
      "resolved": "https://registry.npmjs.org/jsbi/-/jsbi-4.3.2.tgz",
      "integrity": "sha512-9fqMSQbhJykSeii05nxKl4m6Eqn2P6rOlYiS+C5Dr/HPIU/7yZxu5qzbs40tgaFORiw2Amd0mirjxatXYMkIew==",
      "license": "Apache-2.0"
    },
    "node_modules/prompt-sync": {
      "version": "4.2.0",
      "resolved": "https://registry.npmjs.org/prompt-sync/-/prompt-sync-4.2.0.tgz",
      "integrity": "sha512-BuEzzc5zptP5LsgV5MZETjDaKSWfchl5U9Luiu8SKp7iZWD5tZalOxvNcZRwv+d2phNFr8xlbxmFNcRKfJOzJw==",
      "license": "MIT",
      "dependencies": {
        "strip-ansi": "^5.0.0"
      }
    },
    "node_modules/strip-ansi": {
      "version": "5.2.0",
      "resolved": "https://registry.npmjs.org/strip-ansi/-/strip-ansi-5.2.0.tgz",
      "integrity": "sha512-DuRs1gKbBqsMKIZlrffwlug8MHkcnpjs5VPmL1PAh+mA30U0DTotfDZ0d2UUsXpPmPmMMJ6W773MaA3J+lbiWA==",
      "license": "MIT",
      "dependencies": {
        "ansi-regex": "^4.1.0"
      },
      "engines": {
        "node": ">=6"
      }
    },
    "node_modules/undici-types": {
      "version": "7.18.2",
      "resolved": "https://registry.npmjs.org/undici-types/-/undici-types-7.18.2.tgz",
      "integrity": "sha512-AsuCzffGHJybSaRrmr5eHr81mwJU3kjw6M+uprWvCXiNeN9SOGwQ3Jn8jb8m3Z6izVgknn1R0FTCEAP2QrLY/w==",
      "dev": true,
      "license": "MIT"
    }
  }
}
